
Microsoft Visual Studio Solution File, Format Version 12.00
# Visual Studio 15
VisualStudioVersion = 15.0.27428.2037
MinimumVisualStudioVersion = 10.0.40219.1
Project("{FAE04EC0-301F-11D3-BF4B-00C04F79EFBC}") = "HorseProject", "HorseProject\HorseProject.csproj", "{9374CD72-2017-4C2E-B40D-7B135B46C050}"
EndProject
Global
	GlobalSection(SolutionConfigurationPlatforms) = preSolution
		Debug|Any CPU = Debug|Any CPU
		Release|Any CPU = Release|Any CPU
	EndGlobalSection
	GlobalSection(ProjectConfigurationPlatforms) = postSolution
		{9374CD72-2017-4C2E-B40D-7B135B46C050}.Debug|Any CPU.ActiveCfg = Debug|Any CPU
		{9374CD72-2017-4C2E-B40D-7B135B46C050}.Debug|Any CPU.Build.0 = Debug|Any CPU
		{9374CD72-2017-4C2E-B40D-7B135B46C050}.Release|Any CPU.ActiveCfg = Release|Any CPU
		{9374CD72-2017-4C2E-B40D-7B135B46C050}.Release|Any CPU.Build.0 = Release|Any CPU
	EndGlobalSection
	GlobalSection(SolutionProperties) = preSolution
		HideSolutionNode = FALSE
	EndGlobalSection
	GlobalSection(ExtensibilityGlobals) = postSolution
		SolutionGuid = {46C2E160-5C3D-4E5C-B3DB-A8CB166FC487}
	EndGlobalSection
EndGlobal
